
Microsoft Visual Studio Solution File, Format Version 12.00
# Visual Studio Version 17
VisualStudioVersion = 17.14.36511.14 d17.14
MinimumVisualStudioVersion = 10.0.40219.1
Project("{FAE04EC0-301F-11D3-BF4B-00C04F79EFBC}") = "Bookstore", "Bookstore\Bookstore.csproj", "{B9886E0E-1F46-43A5-AF86-5F878D36FA67}"
EndProject
Global
	GlobalSection(SolutionConfigurationPlatforms) = preSolution
		Debug|Any CPU = Debug|Any CPU
		Release|Any CPU = Release|Any CPU
	EndGlobalSection
	GlobalSection(ProjectConfigurationPlatforms) = postSolution
		{B9886E0E-1F46-43A5-AF86-5F878D36FA67}.Debug|Any CPU.ActiveCfg = Debug|Any CPU
		{B9886E0E-1F46-43A5-AF86-5F878D36FA67}.Debug|Any CPU.Build.0 = Debug|Any CPU
		{B9886E0E-1F46-43A5-AF86-5F878D36FA67}.Release|Any CPU.ActiveCfg = Release|Any CPU
		{B9886E0E-1F46-43A5-AF86-5F878D36FA67}.Release|Any CPU.Build.0 = Release|Any CPU
	EndGlobalSection
	GlobalSection(SolutionProperties) = preSolution
		HideSolutionNode = FALSE
	EndGlobalSection
	GlobalSection(ExtensibilityGlobals) = postSolution
		SolutionGuid = {3E620E44-96B6-41E7-82DB-0745C2C0FD44}
	EndGlobalSection
EndGlobal
